
Microsoft Visual Studio Solution File, Format Version 12.00
# Visual Studio Version 17
VisualStudioVersion = 17.10.34928.147
MinimumVisualStudioVersion = 10.0.40219.1
Project("{FAE04EC0-301F-11D3-BF4B-00C04F79EFBC}") = "Clinic Final", "Clinic Final\Clinic Final.csproj", "{877E58FE-8740-42C0-AF2B-919994133F49}"
EndProject
Global
	GlobalSection(SolutionConfigurationPlatforms) = preSolution
		Debug|Any CPU = Debug|Any CPU
		Release|Any CPU = Release|Any CPU
	EndGlobalSection
	GlobalSection(ProjectConfigurationPlatforms) = postSolution
		{877E58FE-8740-42C0-AF2B-919994133F49}.Debug|Any CPU.ActiveCfg = Debug|Any CPU
		{877E58FE-8740-42C0-AF2B-919994133F49}.Debug|Any CPU.Build.0 = Debug|Any CPU
		{877E58FE-8740-42C0-AF2B-919994133F49}.Release|Any CPU.ActiveCfg = Release|Any CPU
		{877E58FE-8740-42C0-AF2B-919994133F49}.Release|Any CPU.Build.0 = Release|Any CPU
	EndGlobalSection
	GlobalSection(SolutionProperties) = preSolution
		HideSolutionNode = FALSE
	EndGlobalSection
	GlobalSection(ExtensibilityGlobals) = postSolution
		SolutionGuid = {7416CDAB-AAD3-419E-AB82-25120F4E4C16}
	EndGlobalSection
EndGlobal
